// !$*UTF8*$!
{
	archiveVersion = 1;
	classes = {
	};
	objectVersion = 46;
	objects = {

/* Begin PBXBuildFile section */
		52430780925BA4C376470C32 /* Pods_LandScrappers.framework in Frameworks */ = {isa = PBXBuildFile; fileRef = 460C75715E145BCF5C835496 /* Pods_LandScrappers.framework */; };
		9D0C583D1DFA315C000132C9 /* FormData.swift in Sources */ = {isa = PBXBuildFile; fileRef = 9D0C583C1DFA315C000132C9 /* FormData.swift */; };
		9D0C583F1DFA4DF0000132C9 /* FormCell.swift in Sources */ = {isa = PBXBuildFile; fileRef = 9D0C583E1DFA4DF0000132C9 /* FormCell.swift */; };
		9D0C58411DFA5D68000132C9 /* MapVC.swift in Sources */ = {isa = PBXBuildFile; fileRef = 9D0C58401DFA5D68000132C9 /* MapVC.swift */; };
		9D1201101E00C193000C9C7B /* Person.swift in Sources */ = {isa = PBXBuildFile; fileRef = 9D12010F1E00C193000C9C7B /* Person.swift */; };
		9D1381311DDE823F00AF69D9 /* ExploreTableVC.swift in Sources */ = {isa = PBXBuildFile; fileRef = 9D1381301DDE823F00AF69D9 /* ExploreTableVC.swift */; };
		9D2FF9F01E2984C10066C38B /* EmailLoginVC.swift in Sources */ = {isa = PBXBuildFile; fileRef = 9D2FF9EF1E2984C10066C38B /* EmailLoginVC.swift */; };
		9D2FF9F21E2984F60066C38B /* AuthProviders.swift in Sources */ = {isa = PBXBuildFile; fileRef = 9D2FF9F11E2984F60066C38B /* AuthProviders.swift */; };
		9D3660131DE8D32C0002C7C8 /* NextButton.swift in Sources */ = {isa = PBXBuildFile; fileRef = 9D3660121DE8D32C0002C7C8 /* NextButton.swift */; };
		9D3660151DE8E3140002C7C8 /* ProfileImageVC.swift in Sources */ = {isa = PBXBuildFile; fileRef = 9D3660141DE8E3140002C7C8 /* ProfileImageVC.swift */; };
		9D429C791DE5559900F33EAA /* DataServices.swift in Sources */ = {isa = PBXBuildFile; fileRef = 9D429C781DE5559900F33EAA /* DataServices.swift */; };
		9D4A6DA51DC2ED8700E75A00 /* AppDelegate.swift in Sources */ = {isa = PBXBuildFile; fileRef = 9D4A6DA41DC2ED8700E75A00 /* AppDelegate.swift */; };
		9D4A6DA71DC2ED8700E75A00 /* LoginVC.swift in Sources */ = {isa = PBXBuildFile; fileRef = 9D4A6DA61DC2ED8700E75A00 /* LoginVC.swift */; };
		9D4A6DAC1DC2ED8700E75A00 /* Assets.xcassets in Resources */ = {isa = PBXBuildFile; fileRef = 9D4A6DAB1DC2ED8700E75A00 /* Assets.xcassets */; };
		9D4A6DAF1DC2ED8700E75A00 /* LaunchScreen.storyboard in Resources */ = {isa = PBXBuildFile; fileRef = 9D4A6DAD1DC2ED8700E75A00 /* LaunchScreen.storyboard */; };
		9D4A6DB71DC2EE5600E75A00 /* GoogleService-Info.plist in Resources */ = {isa = PBXBuildFile; fileRef = 9D4A6DB61DC2EE5600E75A00 /* GoogleService-Info.plist */; };
		9D4F2CCF1DE38CD500D9A988 /* Main.storyboard in Resources */ = {isa = PBXBuildFile; fileRef = 9D4F2CCE1DE38CD500D9A988 /* Main.storyboard */; };
		9D4F2CD11DE3AC1C00D9A988 /* InboxVC.swift in Sources */ = {isa = PBXBuildFile; fileRef = 9D4F2CD01DE3AC1C00D9A988 /* InboxVC.swift */; };
		9D550BBF1DFBC233002AF24B /* MyFormPopUp.swift in Sources */ = {isa = PBXBuildFile; fileRef = 9D550BBE1DFBC233002AF24B /* MyFormPopUp.swift */; };
		9D5DAAF71DCFE1B60020B448 /* VisualTweaks.swift in Sources */ = {isa = PBXBuildFile; fileRef = 9D5DAAF61DCFE1B60020B448 /* VisualTweaks.swift */; };
		9DC3037D1DEBEB2D003F3C17 /* MyFormVC.swift in Sources */ = {isa = PBXBuildFile; fileRef = 9DC3037C1DEBEB2D003F3C17 /* MyFormVC.swift */; };
		9DC862461DDEBFA0003BA1A9 /* PostCell.swift in Sources */ = {isa = PBXBuildFile; fileRef = 9DC862451DDEBFA0003BA1A9 /* PostCell.swift */; };
		9DC862481DDEC760003BA1A9 /* CircleView.swift in Sources */ = {isa = PBXBuildFile; fileRef = 9DC862471DDEC760003BA1A9 /* CircleView.swift */; };
		9DDC5E131E207DED00A90E52 /* MapData.swift in Sources */ = {isa = PBXBuildFile; fileRef = 9DDC5E121E207DED00A90E52 /* MapData.swift */; };
		9DDF03261E0745C100CF820D /* MapKit.framework in Frameworks */ = {isa = PBXBuildFile; fileRef = 9DDF03251E0745C100CF820D /* MapKit.framework */; };
		9DE8AF9F1DE7BB8C006178AE /* ExplorePosts.swift in Sources */ = {isa = PBXBuildFile; fileRef = 9DE8AF9E1DE7BB8C006178AE /* ExplorePosts.swift */; };
		9DEA65801DD0284E00937AB5 /* Constants.swift in Sources */ = {isa = PBXBuildFile; fileRef = 9DEA657F1DD0284E00937AB5 /* Constants.swift */; };
		9DEA65821DD033CA00937AB5 /* RoundButton.swift in Sources */ = {isa = PBXBuildFile; fileRef = 9DEA65811DD033CA00937AB5 /* RoundButton.swift */; };
		9DEDB7A81DCAE17900573C2C /* RegisterVC.swift in Sources */ = {isa = PBXBuildFile; fileRef = 9DEDB7A71DCAE17900573C2C /* RegisterVC.swift */; };
		9DF1FAAA1DFE2389008E342A /* LocalAuthentication.framework in Frameworks */ = {isa = PBXBuildFile; fileRef = 9DF1FAA91DFE2389008E342A /* LocalAuthentication.framework */; };
		9DF5FFBB1E21F1D100A4DC25 /* MapHandler.swift in Sources */ = {isa = PBXBuildFile; fileRef = 9DF5FFBA1E21F1D100A4DC25 /* MapHandler.swift */; };
/* End PBXBuildFile section */

/* Begin PBXFileReference section */
		460C75715E145BCF5C835496 /* Pods_LandScrappers.framework */ = {isa = PBXFileReference; explicitFileType = wrapper.framework; includeInIndex = 0; path = Pods_LandScrappers.framework; sourceTree = BUILT_PRODUCTS_DIR; };
		52648B2D9D2E1B5718605110 /* Pods-LandScrappers.release.xcconfig */ = {isa = PBXFileReference; includeInIndex = 1; lastKnownFileType = text.xcconfig; name = "Pods-LandScrappers.release.xcconfig"; path = "Pods/Target Support Files/Pods-LandScrappers/Pods-LandScrappers.release.xcconfig"; sourceTree = "<group>"; };
		74F1CAFA3E8BD137F0597416 /* Pods-LandScrappers.debug.xcconfig */ = {isa = PBXFileReference; includeInIndex = 1; lastKnownFileType = text.xcconfig; name = "Pods-LandScrappers.debug.xcconfig"; path = "Pods/Target Support Files/Pods-LandScrappers/Pods-LandScrappers.debug.xcconfig"; sourceTree = "<group>"; };
		9D0C583C1DFA315C000132C9 /* FormData.swift */ = {isa = PBXFileReference; fileEncoding = 4; lastKnownFileType = sourcecode.swift; path = FormData.swift; sourceTree = "<group>"; };
		9D0C583E1DFA4DF0000132C9 /* FormCell.swift */ = {isa = PBXFileReference; fileEncoding = 4; lastKnownFileType = sourcecode.swift; path = FormCell.swift; sourceTree = "<group>"; };
		9D0C58401DFA5D68000132C9 /* MapVC.swift */ = {isa = PBXFileReference; fileEncoding = 4; lastKnownFileType = sourcecode.swift; path = MapVC.swift; sourceTree = "<group>"; };
		9D12010F1E00C193000C9C7B /* Person.swift */ = {isa = PBXFileReference; fileEncoding = 4; lastKnownFileType = sourcecode.swift; path = Person.swift; sourceTree = "<group>"; };
		9D1381301DDE823F00AF69D9 /* ExploreTableVC.swift */ = {isa = PBXFileReference; fileEncoding = 4; lastKnownFileType = sourcecode.swift; path = ExploreTableVC.swift; sourceTree = "<group>"; };
		9D2FF9EF1E2984C10066C38B /* EmailLoginVC.swift */ = {isa = PBXFileReference; fileEncoding = 4; lastKnownFileType = sourcecode.swift; path = EmailLoginVC.swift; sourceTree = "<group>"; };
		9D2FF9F11E2984F60066C38B /* AuthProviders.swift */ = {isa = PBXFileReference; fileEncoding = 4; lastKnownFileType = sourcecode.swift; path = AuthProviders.swift; sourceTree = "<group>"; };
		9D3660121DE8D32C0002C7C8 /* NextButton.swift */ = {isa = PBXFileReference; fileEncoding = 4; lastKnownFileType = sourcecode.swift; path = NextButton.swift; sourceTree = "<group>"; };
		9D3660141DE8E3140002C7C8 /* ProfileImageVC.swift */ = {isa = PBXFileReference; fileEncoding = 4; lastKnownFileType = sourcecode.swift; path = ProfileImageVC.swift; sourceTree = "<group>"; };
		9D429C781DE5559900F33EAA /* DataServices.swift */ = {isa = PBXFileReference; fileEncoding = 4; lastKnownFileType = sourcecode.swift; path = DataServices.swift; sourceTree = "<group>"; };
		9D4A6DA11DC2ED8700E75A00 /* LandScrappers.app */ = {isa = PBXFileReference; explicitFileType = wrapper.application; includeInIndex = 0; path = LandScrappers.app; sourceTree = BUILT_PRODUCTS_DIR; };
		9D4A6DA41DC2ED8700E75A00 /* AppDelegate.swift */ = {isa = PBXFileReference; lastKnownFileType = sourcecode.swift; path = AppDelegate.swift; sourceTree = "<group>"; };
		9D4A6DA61DC2ED8700E75A00 /* LoginVC.swift */ = {isa = PBXFileReference; lastKnownFileType = sourcecode.swift; path = LoginVC.swift; sourceTree = "<group>"; };
		9D4A6DAB1DC2ED8700E75A00 /* Assets.xcassets */ = {isa = PBXFileReference; lastKnownFileType = folder.assetcatalog; path = Assets.xcassets; sourceTree = "<group>"; };
		9D4A6DAE1DC2ED8700E75A00 /* Base */ = {isa = PBXFileReference; lastKnownFileType = file.storyboard; name = Base; path = Base.lproj/LaunchScreen.storyboard; sourceTree = "<group>"; };
		9D4A6DB01DC2ED8700E75A00 /* Info.plist */ = {isa = PBXFileReference; lastKnownFileType = text.plist.xml; path = Info.plist; sourceTree = "<group>"; };
		9D4A6DB61DC2EE5600E75A00 /* GoogleService-Info.plist */ = {isa = PBXFileReference; fileEncoding = 4; lastKnownFileType = text.plist.xml; path = "GoogleService-Info.plist"; sourceTree = "<group>"; };
		9D4F2CCE1DE38CD500D9A988 /* Main.storyboard */ = {isa = PBXFileReference; fileEncoding = 4; lastKnownFileType = file.storyboard; path = Main.storyboard; sourceTree = "<group>"; };
		9D4F2CD01DE3AC1C00D9A988 /* InboxVC.swift */ = {isa = PBXFileReference; fileEncoding = 4; lastKnownFileType = sourcecode.swift; path = InboxVC.swift; sourceTree = "<group>"; };
		9D550BBE1DFBC233002AF24B /* MyFormPopUp.swift */ = {isa = PBXFileReference; fileEncoding = 4; lastKnownFileType = sourcecode.swift; path = MyFormPopUp.swift; sourceTree = "<group>"; };
		9D5DAAF61DCFE1B60020B448 /* VisualTweaks.swift */ = {isa = PBXFileReference; fileEncoding = 4; lastKnownFileType = sourcecode.swift; path = VisualTweaks.swift; sourceTree = "<group>"; };
		9D80E80F1DC2F231000B845B /* LandScrappers.entitlements */ = {isa = PBXFileReference; lastKnownFileType = text.plist.entitlements; path = LandScrappers.entitlements; sourceTree = "<group>"; };
		9D80E8101DC2F2E4000B845B /* LandScrappers-Bridging-Header.h */ = {isa = PBXFileReference; lastKnownFileType = sourcecode.c.h; path = "LandScrappers-Bridging-Header.h"; sourceTree = "<group>"; };
		9DC3037C1DEBEB2D003F3C17 /* MyFormVC.swift */ = {isa = PBXFileReference; fileEncoding = 4; lastKnownFileType = sourcecode.swift; path = MyFormVC.swift; sourceTree = "<group>"; };
		9DC862451DDEBFA0003BA1A9 /* PostCell.swift */ = {isa = PBXFileReference; fileEncoding = 4; lastKnownFileType = sourcecode.swift; path = PostCell.swift; sourceTree = "<group>"; };
		9DC862471DDEC760003BA1A9 /* CircleView.swift */ = {isa = PBXFileReference; fileEncoding = 4; lastKnownFileType = sourcecode.swift; path = CircleView.swift; sourceTree = "<group>"; };
		9DDC5E121E207DED00A90E52 /* MapData.swift */ = {isa = PBXFileReference; fileEncoding = 4; lastKnownFileType = sourcecode.swift; path = MapData.swift; sourceTree = "<group>"; };
		9DDF03251E0745C100CF820D /* MapKit.framework */ = {isa = PBXFileReference; lastKnownFileType = wrapper.framework; name = MapKit.framework; path = System/Library/Frameworks/MapKit.framework; sourceTree = SDKROOT; };
		9DE8AF9E1DE7BB8C006178AE /* ExplorePosts.swift */ = {isa = PBXFileReference; fileEncoding = 4; lastKnownFileType = sourcecode.swift; path = ExplorePosts.swift; sourceTree = "<group>"; };
		9DEA657F1DD0284E00937AB5 /* Constants.swift */ = {isa = PBXFileReference; fileEncoding = 4; lastKnownFileType = sourcecode.swift; path = Constants.swift; sourceTree = "<group>"; };
		9DEA65811DD033CA00937AB5 /* RoundButton.swift */ = {isa = PBXFileReference; fileEncoding = 4; lastKnownFileType = sourcecode.swift; path = RoundButton.swift; sourceTree = "<group>"; };
		9DEDB7A71DCAE17900573C2C /* RegisterVC.swift */ = {isa = PBXFileReference; fileEncoding = 4; lastKnownFileType = sourcecode.swift; path = RegisterVC.swift; sourceTree = "<group>"; };
		9DF1FAA91DFE2389008E342A /* LocalAuthentication.framework */ = {isa = PBXFileReference; lastKnownFileType = wrapper.framework; name = LocalAuthentication.framework; path = System/Library/Frameworks/LocalAuthentication.framework; sourceTree = SDKROOT; };
		9DF5FFBA1E21F1D100A4DC25 /* MapHandler.swift */ = {isa = PBXFileReference; fileEncoding = 4; lastKnownFileType = sourcecode.swift; path = MapHandler.swift; sourceTree = "<group>"; };
/* End PBXFileReference section */

/* Begin PBXFrameworksBuildPhase section */
		9D4A6D9E1DC2ED8500E75A00 /* Frameworks */ = {
			isa = PBXFrameworksBuildPhase;
			buildActionMask = 2147483647;
			files = (
				9DF1FAAA1DFE2389008E342A /* LocalAuthentication.framework in Frameworks */,
				9DDF03261E0745C100CF820D /* MapKit.framework in Frameworks */,
				52430780925BA4C376470C32 /* Pods_LandScrappers.framework in Frameworks */,
			);
			runOnlyForDeploymentPostprocessing = 0;
		};
/* End PBXFrameworksBuildPhase section */

/* Begin PBXGroup section */
		0840F26E4ED8A791125CAC3F /* Frameworks */ = {
			isa = PBXGroup;
			children = (
				9DDF03251E0745C100CF820D /* MapKit.framework */,
				9DF1FAA91DFE2389008E342A /* LocalAuthentication.framework */,
				460C75715E145BCF5C835496 /* Pods_LandScrappers.framework */,
			);
			name = Frameworks;
			sourceTree = "<group>";
		};
		509C699D7AE5250C7B88E74C /* Pods */ = {
			isa = PBXGroup;
			children = (
				74F1CAFA3E8BD137F0597416 /* Pods-LandScrappers.debug.xcconfig */,
				52648B2D9D2E1B5718605110 /* Pods-LandScrappers.release.xcconfig */,
			);
			name = Pods;
			sourceTree = "<group>";
		};
		9D429C771DE5557C00F33EAA /* Plugins */ = {
			isa = PBXGroup;
			children = (
				9D429C781DE5559900F33EAA /* DataServices.swift */,
				9DF5FFBA1E21F1D100A4DC25 /* MapHandler.swift */,
				9D2FF9F11E2984F60066C38B /* AuthProviders.swift */,
			);
			name = Plugins;
			sourceTree = "<group>";
		};
		9D4A6D981DC2ED8500E75A00 = {
			isa = PBXGroup;
			children = (
				9D4A6DA31DC2ED8700E75A00 /* LandScrappers */,
				9D4A6DA21DC2ED8700E75A00 /* Products */,
				509C699D7AE5250C7B88E74C /* Pods */,
				0840F26E4ED8A791125CAC3F /* Frameworks */,
			);
			sourceTree = "<group>";
		};
		9D4A6DA21DC2ED8700E75A00 /* Products */ = {
			isa = PBXGroup;
			children = (
				9D4A6DA11DC2ED8700E75A00 /* LandScrappers.app */,
			);
			name = Products;
			sourceTree = "<group>";
		};
		9D4A6DA31DC2ED8700E75A00 /* LandScrappers */ = {
			isa = PBXGroup;
			children = (
				9D429C771DE5557C00F33EAA /* Plugins */,
				9DEA657E1DD027A600937AB5 /* Utility */,
				9D5DAAF11DCFBA060020B448 /* Model */,
				9D5DAAF21DCFBA0D0020B448 /* View */,
				9D5DAAF31DCFBA120020B448 /* Controller */,
				9D80E80F1DC2F231000B845B /* LandScrappers.entitlements */,
				9D4F2CCE1DE38CD500D9A988 /* Main.storyboard */,
				9D4A6DA41DC2ED8700E75A00 /* AppDelegate.swift */,
				9D4A6DAB1DC2ED8700E75A00 /* Assets.xcassets */,
				9D4A6DAD1DC2ED8700E75A00 /* LaunchScreen.storyboard */,
				9D4A6DB01DC2ED8700E75A00 /* Info.plist */,
				9D4A6DB61DC2EE5600E75A00 /* GoogleService-Info.plist */,
				9D80E8101DC2F2E4000B845B /* LandScrappers-Bridging-Header.h */,
			);
			path = LandScrappers;
			sourceTree = "<group>";
		};
		9D5DAAF11DCFBA060020B448 /* Model */ = {
			isa = PBXGroup;
			children = (
				9D0C583C1DFA315C000132C9 /* FormData.swift */,
				9DE8AF9E1DE7BB8C006178AE /* ExplorePosts.swift */,
				9D12010F1E00C193000C9C7B /* Person.swift */,
				9DDC5E121E207DED00A90E52 /* MapData.swift */,
			);
			name = Model;
			sourceTree = "<group>";
		};
		9D5DAAF21DCFBA0D0020B448 /* View */ = {
			isa = PBXGroup;
			children = (
				9D0C583E1DFA4DF0000132C9 /* FormCell.swift */,
				9DC862451DDEBFA0003BA1A9 /* PostCell.swift */,
				9D5DAAF61DCFE1B60020B448 /* VisualTweaks.swift */,
				9DEA65811DD033CA00937AB5 /* RoundButton.swift */,
				9DC862471DDEC760003BA1A9 /* CircleView.swift */,
				9D3660121DE8D32C0002C7C8 /* NextButton.swift */,
			);
			name = View;
			sourceTree = "<group>";
		};
		9D5DAAF31DCFBA120020B448 /* Controller */ = {
			isa = PBXGroup;
			children = (
				9D550BBE1DFBC233002AF24B /* MyFormPopUp.swift */,
				9DC3037C1DEBEB2D003F3C17 /* MyFormVC.swift */,
				9DEDB7A71DCAE17900573C2C /* RegisterVC.swift */,
				9D4A6DA61DC2ED8700E75A00 /* LoginVC.swift */,
				9D1381301DDE823F00AF69D9 /* ExploreTableVC.swift */,
				9D4F2CD01DE3AC1C00D9A988 /* InboxVC.swift */,
				9D3660141DE8E3140002C7C8 /* ProfileImageVC.swift */,
				9D0C58401DFA5D68000132C9 /* MapVC.swift */,
				9D2FF9EF1E2984C10066C38B /* EmailLoginVC.swift */,
			);
			name = Controller;
			sourceTree = "<group>";
		};
		9DEA657E1DD027A600937AB5 /* Utility */ = {
			isa = PBXGroup;
			children = (
				9DEA657F1DD0284E00937AB5 /* Constants.swift */,
			);
			name = Utility;
			sourceTree = "<group>";
		};
/* End PBXGroup section */

/* Begin PBXNativeTarget section */
		9D4A6DA01DC2ED8500E75A00 /* LandScrappers */ = {
			isa = PBXNativeTarget;
			buildConfigurationList = 9D4A6DB31DC2ED8700E75A00 /* Build configuration list for PBXNativeTarget "LandScrappers" */;
			buildPhases = (
				A80CAB576A865E91B52ED4FB /* [CP] Check Pods Manifest.lock */,
				9D4A6D9D1DC2ED8500E75A00 /* Sources */,
				9D4A6D9E1DC2ED8500E75A00 /* Frameworks */,
				9D4A6D9F1DC2ED8500E75A00 /* Resources */,
				04FE46C446A401879611673F /* [CP] Embed Pods Frameworks */,
				FD16989F674594478656018A /* [CP] Copy Pods Resources */,
			);
			buildRules = (
			);
			dependencies = (
			);
			name = LandScrappers;
			productName = LandScrappers;
			productReference = 9D4A6DA11DC2ED8700E75A00 /* LandScrappers.app */;
			productType = "com.apple.product-type.application";
		};
/* End PBXNativeTarget section */

/* Begin PBXProject section */
		9D4A6D991DC2ED8500E75A00 /* Project object */ = {
			isa = PBXProject;
			attributes = {
				LastSwiftUpdateCheck = 0800;
				LastUpgradeCheck = 0800;
				ORGANIZATIONNAME = AlwaysOnAlpha;
				TargetAttributes = {
					9D4A6DA01DC2ED8500E75A00 = {
						CreatedOnToolsVersion = 8.0;
						DevelopmentTeam = C8X5TKDGC2;
						LastSwiftMigration = 0800;
						ProvisioningStyle = Automatic;
						SystemCapabilities = {
							com.apple.Keychain = {
								enabled = 1;
							};
							com.apple.Maps.iOS = {
								enabled = 1;
							};
						};
					};
				};
			};
			buildConfigurationList = 9D4A6D9C1DC2ED8500E75A00 /* Build configuration list for PBXProject "LandScrappers" */;
			compatibilityVersion = "Xcode 3.2";
			developmentRegion = English;
			hasScannedForEncodings = 0;
			knownRegions = (
				en,
				Base,
			);
			mainGroup = 9D4A6D981DC2ED8500E75A00;
			productRefGroup = 9D4A6DA21DC2ED8700E75A00 /* Products */;
			projectDirPath = "";
			projectRoot = "";
			targets = (
				9D4A6DA01DC2ED8500E75A00 /* LandScrappers */,
			);
		};
/* End PBXProject section */

/* Begin PBXResourcesBuildPhase section */
		9D4A6D9F1DC2ED8500E75A00 /* Resources */ = {
			isa = PBXResourcesBuildPhase;
			buildActionMask = 2147483647;
			files = (
				9D4A6DAF1DC2ED8700E75A00 /* LaunchScreen.storyboard in Resources */,
				9D4A6DB71DC2EE5600E75A00 /* GoogleService-Info.plist in Resources */,
				9D4F2CCF1DE38CD500D9A988 /* Main.storyboard in Resources */,
				9D4A6DAC1DC2ED8700E75A00 /* Assets.xcassets in Resources */,
			);
			runOnlyForDeploymentPostprocessing = 0;
		};
/* End PBXResourcesBuildPhase section */

/* Begin PBXShellScriptBuildPhase section */
		04FE46C446A401879611673F /* [CP] Embed Pods Frameworks */ = {
			isa = PBXShellScriptBuildPhase;
			buildActionMask = 2147483647;
			files = (
			);
			inputPaths = (
			);
			name = "[CP] Embed Pods Frameworks";
			outputPaths = (
			);
			runOnlyForDeploymentPostprocessing = 0;
			shellPath = /bin/sh;
			shellScript = "\"${SRCROOT}/Pods/Target Support Files/Pods-LandScrappers/Pods-LandScrappers-frameworks.sh\"\n";
			showEnvVarsInLog = 0;
		};
		A80CAB576A865E91B52ED4FB /* [CP] Check Pods Manifest.lock */ = {
			isa = PBXShellScriptBuildPhase;
			buildActionMask = 2147483647;
			files = (
			);
			inputPaths = (
			);
			name = "[CP] Check Pods Manifest.lock";
			outputPaths = (
			);
			runOnlyForDeploymentPostprocessing = 0;
			shellPath = /bin/sh;
			shellScript = "diff \"${PODS_ROOT}/../Podfile.lock\" \"${PODS_ROOT}/Manifest.lock\" > /dev/null\nif [ $? != 0 ] ; then\n    # print error to STDERR\n    echo \"error: The sandbox is not in sync with the Podfile.lock. Run 'pod install' or update your CocoaPods installation.\" >&2\n    exit 1\nfi\n";
			showEnvVarsInLog = 0;
		};
		FD16989F674594478656018A /* [CP] Copy Pods Resources */ = {
			isa = PBXShellScriptBuildPhase;
			buildActionMask = 2147483647;
			files = (
			);
			inputPaths = (
			);
			name = "[CP] Copy Pods Resources";
			outputPaths = (
			);
			runOnlyForDeploymentPostprocessing = 0;
			shellPath = /bin/sh;
			shellScript = "\"${SRCROOT}/Pods/Target Support Files/Pods-LandScrappers/Pods-LandScrappers-resources.sh\"\n";
			showEnvVarsInLog = 0;
		};
/* End PBXShellScriptBuildPhase section */

/* Begin PBXSourcesBuildPhase section */
		9D4A6D9D1DC2ED8500E75A00 /* Sources */ = {
			isa = PBXSourcesBuildPhase;
			buildActionMask = 2147483647;
			files = (
				9DEA65821DD033CA00937AB5 /* RoundButton.swift in Sources */,
				9D3660151DE8E3140002C7C8 /* ProfileImageVC.swift in Sources */,
				9D4F2CD11DE3AC1C00D9A988 /* InboxVC.swift in Sources */,
				9D429C791DE5559900F33EAA /* DataServices.swift in Sources */,
				9DEA65801DD0284E00937AB5 /* Constants.swift in Sources */,
				9DF5FFBB1E21F1D100A4DC25 /* MapHandler.swift in Sources */,
				9D2FF9F21E2984F60066C38B /* AuthProviders.swift in Sources */,
				9DE8AF9F1DE7BB8C006178AE /* ExplorePosts.swift in Sources */,
				9D0C583F1DFA4DF0000132C9 /* FormCell.swift in Sources */,
				9D0C58411DFA5D68000132C9 /* MapVC.swift in Sources */,
				9D5DAAF71DCFE1B60020B448 /* VisualTweaks.swift in Sources */,
				9D4A6DA71DC2ED8700E75A00 /* LoginVC.swift in Sources */,
				9DDC5E131E207DED00A90E52 /* MapData.swift in Sources */,
				9D1201101E00C193000C9C7B /* Person.swift in Sources */,
				9DC862461DDEBFA0003BA1A9 /* PostCell.swift in Sources */,
				9DC862481DDEC760003BA1A9 /* CircleView.swift in Sources */,
				9D4A6DA51DC2ED8700E75A00 /* AppDelegate.swift in Sources */,
				9DC3037D1DEBEB2D003F3C17 /* MyFormVC.swift in Sources */,
				9DEDB7A81DCAE17900573C2C /* RegisterVC.swift in Sources */,
				9D0C583D1DFA315C000132C9 /* FormData.swift in Sources */,
				9D3660131DE8D32C0002C7C8 /* NextButton.swift in Sources */,
				9D550BBF1DFBC233002AF24B /* MyFormPopUp.swift in Sources */,
				9D1381311DDE823F00AF69D9 /* ExploreTableVC.swift in Sources */,
				9D2FF9F01E2984C10066C38B /* EmailLoginVC.swift in Sources */,
			);
			runOnlyForDeploymentPostprocessing = 0;
		};
/* End PBXSourcesBuildPhase section */

/* Begin PBXVariantGroup section */
		9D4A6DAD1DC2ED8700E75A00 /* LaunchScreen.storyboard */ = {
			isa = PBXVariantGroup;
			children = (
				9D4A6DAE1DC2ED8700E75A00 /* Base */,
			);
			name = LaunchScreen.storyboard;
			sourceTree = "<group>";
		};
/* End PBXVariantGroup section */

/* Begin XCBuildConfiguration section */
		9D4A6DB11DC2ED8700E75A00 /* Debug */ = {
			isa = XCBuildConfiguration;
			buildSettings = {
				ALWAYS_SEARCH_USER_PATHS = NO;
				CLANG_ANALYZER_NONNULL = YES;
				CLANG_CXX_LANGUAGE_STANDARD = "gnu++0x";
				CLANG_CXX_LIBRARY = "libc++";
				CLANG_ENABLE_MODULES = YES;
				CLANG_ENABLE_OBJC_ARC = YES;
				CLANG_WARN_BOOL_CONVERSION = YES;
				CLANG_WARN_CONSTANT_CONVERSION = YES;
				CLANG_WARN_DIRECT_OBJC_ISA_USAGE = YES_ERROR;
				CLANG_WARN_DOCUMENTATION_COMMENTS = YES;
				CLANG_WARN_EMPTY_BODY = YES;
				CLANG_WARN_ENUM_CONVERSION = YES;
				CLANG_WARN_INFINITE_RECURSION = YES;
				CLANG_WARN_INT_CONVERSION = YES;
				CLANG_WARN_OBJC_ROOT_CLASS = YES_ERROR;
				CLANG_WARN_SUSPICIOUS_MOVE = YES;
				CLANG_WARN_SUSPICIOUS_MOVES = YES;
				CLANG_WARN_UNREACHABLE_CODE = YES;
				CLANG_WARN__DUPLICATE_METHOD_MATCH = YES;
				"CODE_SIGN_IDENTITY[sdk=iphoneos*]" = "iPhone Developer";
				COPY_PHASE_STRIP = NO;
				DEBUG_INFORMATION_FORMAT = dwarf;
				ENABLE_STRICT_OBJC_MSGSEND = YES;
				ENABLE_TESTABILITY = YES;
				GCC_C_LANGUAGE_STANDARD = gnu99;
				GCC_DYNAMIC_NO_PIC = NO;
				GCC_NO_COMMON_BLOCKS = YES;
				GCC_OPTIMIZATION_LEVEL = 0;
				GCC_PREPROCESSOR_DEFINITIONS = (
					"DEBUG=1",
					"$(inherited)",
				);
				GCC_WARN_64_TO_32_BIT_CONVERSION = YES;
				GCC_WARN_ABOUT_RETURN_TYPE = YES_ERROR;
				GCC_WARN_UNDECLARED_SELECTOR = YES;
				GCC_WARN_UNINITIALIZED_AUTOS = YES_AGGRESSIVE;
				GCC_WARN_UNUSED_FUNCTION = YES;
				GCC_WARN_UNUSED_VARIABLE = YES;
				IPHONEOS_DEPLOYMENT_TARGET = 10.0;
				MTL_ENABLE_DEBUG_INFO = YES;
				ONLY_ACTIVE_ARCH = YES;
				SDKROOT = iphoneos;
				SWIFT_ACTIVE_COMPILATION_CONDITIONS = DEBUG;
				SWIFT_OPTIMIZATION_LEVEL = "-Onone";
				TARGETED_DEVICE_FAMILY = "1,2";
			};
			name = Debug;
		};
		9D4A6DB21DC2ED8700E75A00 /* Release */ = {
			isa = XCBuildConfiguration;
			buildSettings = {
				ALWAYS_SEARCH_USER_PATHS = NO;
				CLANG_ANALYZER_NONNULL = YES;
				CLANG_CXX_LANGUAGE_STANDARD = "gnu++0x";
				CLANG_CXX_LIBRARY = "libc++";
				CLANG_ENABLE_MODULES = YES;
				CLANG_ENABLE_OBJC_ARC = YES;
				CLANG_WARN_BOOL_CONVERSION = YES;
				CLANG_WARN_CONSTANT_CONVERSION = YES;
				CLANG_WARN_DIRECT_OBJC_ISA_USAGE = YES_ERROR;
				CLANG_WARN_DOCUMENTATION_COMMENTS = YES;
				CLANG_WARN_EMPTY_BODY = YES;
				CLANG_WARN_ENUM_CONVERSION = YES;
				CLANG_WARN_INFINITE_RECURSION = YES;
				CLANG_WARN_INT_CONVERSION = YES;
				CLANG_WARN_OBJC_ROOT_CLASS = YES_ERROR;
				CLANG_WARN_SUSPICIOUS_MOVE = YES;
				CLANG_WARN_SUSPICIOUS_MOVES = YES;
				CLANG_WARN_UNREACHABLE_CODE = YES;
				CLANG_WARN__DUPLICATE_METHOD_MATCH = YES;
				"CODE_SIGN_IDENTITY[sdk=iphoneos*]" = "iPhone Developer";
				COPY_PHASE_STRIP = NO;
				DEBUG_INFORMATION_FORMAT = "dwarf-with-dsym";
				ENABLE_NS_ASSERTIONS = NO;
				ENABLE_STRICT_OBJC_MSGSEND = YES;
				GCC_C_LANGUAGE_STANDARD = gnu99;
				GCC_NO_COMMON_BLOCKS = YES;
				GCC_WARN_64_TO_32_BIT_CONVERSION = YES;
				GCC_WARN_ABOUT_RETURN_TYPE = YES_ERROR;
				GCC_WARN_UNDECLARED_SELECTOR = YES;
				GCC_WARN_UNINITIALIZED_AUTOS = YES_AGGRESSIVE;
				GCC_WARN_UNUSED_FUNCTION = YES;
				GCC_WARN_UNUSED_VARIABLE = YES;
				IPHONEOS_DEPLOYMENT_TARGET = 10.0;
				MTL_ENABLE_DEBUG_INFO = NO;
				SDKROOT = iphoneos;
				SWIFT_OPTIMIZATION_LEVEL = "-Owholemodule";
				TARGETED_DEVICE_FAMILY = "1,2";
				VALIDATE_PRODUCT = YES;
			};
			name = Release;
		};
		9D4A6DB41DC2ED8700E75A00 /* Debug */ = {
			isa = XCBuildConfiguration;
			baseConfigurationReference = 74F1CAFA3E8BD137F0597416 /* Pods-LandScrappers.debug.xcconfig */;
			buildSettings = {
				ALWAYS_EMBED_SWIFT_STANDARD_LIBRARIES = YES;
				ASSETCATALOG_COMPILER_APPICON_NAME = AppIcon;
				CLANG_ENABLE_MODULES = YES;
				CODE_SIGN_ENTITLEMENTS = LandScrappers/LandScrappers.entitlements;
				DEVELOPMENT_TEAM = C8X5TKDGC2;
				INFOPLIST_FILE = LandScrappers/Info.plist;
				LD_RUNPATH_SEARCH_PATHS = "$(inherited) @executable_path/Frameworks";
				PRODUCT_BUNDLE_IDENTIFIER = com.AlwaysOnAlpha.LandScrappers;
				PRODUCT_NAME = "$(TARGET_NAME)";
				SWIFT_OBJC_BRIDGING_HEADER = "LandScrappers/LandScrappers-Bridging-Header.h";
				SWIFT_OPTIMIZATION_LEVEL = "-Onone";
				SWIFT_VERSION = 3.0;
			};
			name = Debug;
		};
		9D4A6DB51DC2ED8700E75A00 /* Release */ = {
			isa = XCBuildConfiguration;
			baseConfigurationReference = 52648B2D9D2E1B5718605110 /* Pods-LandScrappers.release.xcconfig */;
			buildSettings = {
				ALWAYS_EMBED_SWIFT_STANDARD_LIBRARIES = YES;
				ASSETCATALOG_COMPILER_APPICON_NAME = AppIcon;
				CLANG_ENABLE_MODULES = YES;
				CODE_SIGN_ENTITLEMENTS = LandScrappers/LandScrappers.entitlements;
				DEVELOPMENT_TEAM = C8X5TKDGC2;
				INFOPLIST_FILE = LandScrappers/Info.plist;
				LD_RUNPATH_SEARCH_PATHS = "$(inherited) @executable_path/Frameworks";
				PRODUCT_BUNDLE_IDENTIFIER = com.AlwaysOnAlpha.LandScrappers;
				PRODUCT_NAME = "$(TARGET_NAME)";
				SWIFT_OBJC_BRIDGING_HEADER = "LandScrappers/LandScrappers-Bridging-Header.h";
				SWIFT_VERSION = 3.0;
			};
			name = Release;
		};
/* End XCBuildConfiguration section */

/* Begin XCConfigurationList section */
		9D4A6D9C1DC2ED8500E75A00 /* Build configuration list for PBXProject "LandScrappers" */ = {
			isa = XCConfigurationList;
			buildConfigurations = (
				9D4A6DB11DC2ED8700E75A00 /* Debug */,
				9D4A6DB21DC2ED8700E75A00 /* Release */,
			);
			defaultConfigurationIsVisible = 0;
			defaultConfigurationName = Release;
		};
		9D4A6DB31DC2ED8700E75A00 /* Build configuration list for PBXNativeTarget "LandScrappers" */ = {
			isa = XCConfigurationList;
			buildConfigurations = (
				9D4A6DB41DC2ED8700E75A00 /* Debug */,
				9D4A6DB51DC2ED8700E75A00 /* Release */,
			);
			defaultConfigurationIsVisible = 0;
			defaultConfigurationName = Release;
		};
/* End XCConfigurationList section */
	};
	rootObject = 9D4A6D991DC2ED8500E75A00 /* Project object */;
}
